<?xml version="1.0" encoding="UTF-8"?>
<CodeBlocks_project_file>
	<FileVersion major="1" minor="6"/>
	<Project>
		<Option title="TD_TowerDefense_SFML"/>
		<Option makefile_is_custom="1"/>
		<Option compiler="gcc"/>
		<Option virtualFolders="CMake Files\;CMake Files\..\;CMake Files\..\..\;CMake Files\..\..\..\;CMake Files\..\..\..\..\;CMake Files\..\..\..\..\..\;CMake Files\..\..\..\..\..\..\;CMake Files\..\..\..\..\..\..\usr\;CMake Files\..\..\..\..\..\..\usr\lib\;CMake Files\..\..\..\..\..\..\usr\lib\x86_64-linux-gnu\;CMake Files\..\..\..\..\..\..\usr\lib\x86_64-linux-gnu\cmake\;CMake Files\..\..\..\..\..\..\usr\lib\x86_64-linux-gnu\cmake\SFML\;CMake Files\Tests\;CMake Files\Tests\googletest\;CMake Files\Tests\googletest\cmake\;"/>
		<Build>
			<Target title="all">
				<Option working_dir="/home/ebalo/Scrivania/Projects/c++/TD-TowerDefense-SFML"/>
				<Option type="4"/>
				<MakeCommands>
					<Build command="/usr/bin/make -f &quot;/home/ebalo/Scrivania/Projects/c++/TD-TowerDefense-SFML/Makefile&quot;  VERBOSE=1 all"/>
					<CompileFile command="/usr/bin/make -f &quot;/home/ebalo/Scrivania/Projects/c++/TD-TowerDefense-SFML/Makefile&quot;  VERBOSE=1 &quot;$file&quot;"/>
					<Clean command="/usr/bin/make -f &quot;/home/ebalo/Scrivania/Projects/c++/TD-TowerDefense-SFML/Makefile&quot;  VERBOSE=1 clean"/>
					<DistClean command="/usr/bin/make -f &quot;/home/ebalo/Scrivania/Projects/c++/TD-TowerDefense-SFML/Makefile&quot;  VERBOSE=1 clean"/>
				</MakeCommands>
			</Target>
			<Target title="rebuild_cache">
				<Option working_dir="/home/ebalo/Scrivania/Projects/c++/TD-TowerDefense-SFML"/>
				<Option type="4"/>
				<MakeCommands>
					<Build command="/usr/bin/make -f &quot;/home/ebalo/Scrivania/Projects/c++/TD-TowerDefense-SFML/Makefile&quot;  VERBOSE=1 rebuild_cache"/>
					<CompileFile command="/usr/bin/make -f &quot;/home/ebalo/Scrivania/Projects/c++/TD-TowerDefense-SFML/Makefile&quot;  VERBOSE=1 &quot;$file&quot;"/>
					<Clean command="/usr/bin/make -f &quot;/home/ebalo/Scrivania/Projects/c++/TD-TowerDefense-SFML/Makefile&quot;  VERBOSE=1 clean"/>
					<DistClean command="/usr/bin/make -f &quot;/home/ebalo/Scrivania/Projects/c++/TD-TowerDefense-SFML/Makefile&quot;  VERBOSE=1 clean"/>
				</MakeCommands>
			</Target>
			<Target title="edit_cache">
				<Option working_dir="/home/ebalo/Scrivania/Projects/c++/TD-TowerDefense-SFML"/>
				<Option type="4"/>
				<MakeCommands>
					<Build command="/usr/bin/make -f &quot;/home/ebalo/Scrivania/Projects/c++/TD-TowerDefense-SFML/Makefile&quot;  VERBOSE=1 edit_cache"/>
					<CompileFile command="/usr/bin/make -f &quot;/home/ebalo/Scrivania/Projects/c++/TD-TowerDefense-SFML/Makefile&quot;  VERBOSE=1 &quot;$file&quot;"/>
					<Clean command="/usr/bin/make -f &quot;/home/ebalo/Scrivania/Projects/c++/TD-TowerDefense-SFML/Makefile&quot;  VERBOSE=1 clean"/>
					<DistClean command="/usr/bin/make -f &quot;/home/ebalo/Scrivania/Projects/c++/TD-TowerDefense-SFML/Makefile&quot;  VERBOSE=1 clean"/>
				</MakeCommands>
			</Target>
			<Target title="TD_TowerDefense_SFML">
				<Option output="/home/ebalo/Scrivania/Projects/c++/TD-TowerDefense-SFML/TD_TowerDefense_SFML" prefix_auto="0" extension_auto="0"/>
				<Option working_dir="/home/ebalo/Scrivania/Projects/c++/TD-TowerDefense-SFML"/>
				<Option object_output="./"/>
				<Option type="1"/>
				<Option compiler="gcc"/>
				<Compiler/>
				<MakeCommands>
					<Build command="/usr/bin/make -f &quot;/home/ebalo/Scrivania/Projects/c++/TD-TowerDefense-SFML/Makefile&quot;  VERBOSE=1 TD_TowerDefense_SFML"/>
					<CompileFile command="/usr/bin/make -f &quot;/home/ebalo/Scrivania/Projects/c++/TD-TowerDefense-SFML/Makefile&quot;  VERBOSE=1 &quot;$file&quot;"/>
					<Clean command="/usr/bin/make -f &quot;/home/ebalo/Scrivania/Projects/c++/TD-TowerDefense-SFML/Makefile&quot;  VERBOSE=1 clean"/>
					<DistClean command="/usr/bin/make -f &quot;/home/ebalo/Scrivania/Projects/c++/TD-TowerDefense-SFML/Makefile&quot;  VERBOSE=1 clean"/>
				</MakeCommands>
			</Target>
			<Target title="TD_TowerDefense_SFML/fast">
				<Option output="/home/ebalo/Scrivania/Projects/c++/TD-TowerDefense-SFML/TD_TowerDefense_SFML" prefix_auto="0" extension_auto="0"/>
				<Option working_dir="/home/ebalo/Scrivania/Projects/c++/TD-TowerDefense-SFML"/>
				<Option object_output="./"/>
				<Option type="1"/>
				<Option compiler="gcc"/>
				<Compiler/>
				<MakeCommands>
					<Build command="/usr/bin/make -f &quot;/home/ebalo/Scrivania/Projects/c++/TD-TowerDefense-SFML/Makefile&quot;  VERBOSE=1 TD_TowerDefense_SFML/fast"/>
					<CompileFile command="/usr/bin/make -f &quot;/home/ebalo/Scrivania/Projects/c++/TD-TowerDefense-SFML/Makefile&quot;  VERBOSE=1 &quot;$file&quot;"/>
					<Clean command="/usr/bin/make -f &quot;/home/ebalo/Scrivania/Projects/c++/TD-TowerDefense-SFML/Makefile&quot;  VERBOSE=1 clean"/>
					<DistClean command="/usr/bin/make -f &quot;/home/ebalo/Scrivania/Projects/c++/TD-TowerDefense-SFML/Makefile&quot;  VERBOSE=1 clean"/>
				</MakeCommands>
			</Target>
			<Target title="TD_TowerDefense_SFML_Tests">
				<Option output="/home/ebalo/Scrivania/Projects/c++/TD-TowerDefense-SFML/libTD_TowerDefense_SFML_Tests.a" prefix_auto="0" extension_auto="0"/>
				<Option working_dir="/home/ebalo/Scrivania/Projects/c++/TD-TowerDefense-SFML"/>
				<Option object_output="./"/>
				<Option type="2"/>
				<Option compiler="gcc"/>
				<Compiler/>
				<MakeCommands>
					<Build command="/usr/bin/make -f &quot;/home/ebalo/Scrivania/Projects/c++/TD-TowerDefense-SFML/Makefile&quot;  VERBOSE=1 TD_TowerDefense_SFML_Tests"/>
					<CompileFile command="/usr/bin/make -f &quot;/home/ebalo/Scrivania/Projects/c++/TD-TowerDefense-SFML/Makefile&quot;  VERBOSE=1 &quot;$file&quot;"/>
					<Clean command="/usr/bin/make -f &quot;/home/ebalo/Scrivania/Projects/c++/TD-TowerDefense-SFML/Makefile&quot;  VERBOSE=1 clean"/>
					<DistClean command="/usr/bin/make -f &quot;/home/ebalo/Scrivania/Projects/c++/TD-TowerDefense-SFML/Makefile&quot;  VERBOSE=1 clean"/>
				</MakeCommands>
			</Target>
			<Target title="TD_TowerDefense_SFML_Tests/fast">
				<Option output="/home/ebalo/Scrivania/Projects/c++/TD-TowerDefense-SFML/libTD_TowerDefense_SFML_Tests.a" prefix_auto="0" extension_auto="0"/>
				<Option working_dir="/home/ebalo/Scrivania/Projects/c++/TD-TowerDefense-SFML"/>
				<Option object_output="./"/>
				<Option type="2"/>
				<Option compiler="gcc"/>
				<Compiler/>
				<MakeCommands>
					<Build command="/usr/bin/make -f &quot;/home/ebalo/Scrivania/Projects/c++/TD-TowerDefense-SFML/Makefile&quot;  VERBOSE=1 TD_TowerDefense_SFML_Tests/fast"/>
					<CompileFile command="/usr/bin/make -f &quot;/home/ebalo/Scrivania/Projects/c++/TD-TowerDefense-SFML/Makefile&quot;  VERBOSE=1 &quot;$file&quot;"/>
					<Clean command="/usr/bin/make -f &quot;/home/ebalo/Scrivania/Projects/c++/TD-TowerDefense-SFML/Makefile&quot;  VERBOSE=1 clean"/>
					<DistClean command="/usr/bin/make -f &quot;/home/ebalo/Scrivania/Projects/c++/TD-TowerDefense-SFML/Makefile&quot;  VERBOSE=1 clean"/>
				</MakeCommands>
			</Target>
			<Target title="test">
				<Option output="/home/ebalo/Scrivania/Projects/c++/TD-TowerDefense-SFML/Tests/test" prefix_auto="0" extension_auto="0"/>
				<Option working_dir="/home/ebalo/Scrivania/Projects/c++/TD-TowerDefense-SFML/Tests"/>
				<Option object_output="./"/>
				<Option type="1"/>
				<Option compiler="gcc"/>
				<Compiler>
					<Add directory="/include"/>
					<Add directory="/home/ebalo/Scrivania/Projects/c++/TD-TowerDefense-SFML/Tests/googletest/include"/>
					<Add directory="/home/ebalo/Scrivania/Projects/c++/TD-TowerDefense-SFML/Tests/googletest"/>
				</Compiler>
				<MakeCommands>
					<Build command="/usr/bin/make -f &quot;/home/ebalo/Scrivania/Projects/c++/TD-TowerDefense-SFML/Tests/Makefile&quot;  VERBOSE=1 test"/>
					<CompileFile command="/usr/bin/make -f &quot;/home/ebalo/Scrivania/Projects/c++/TD-TowerDefense-SFML/Tests/Makefile&quot;  VERBOSE=1 &quot;$file&quot;"/>
					<Clean command="/usr/bin/make -f &quot;/home/ebalo/Scrivania/Projects/c++/TD-TowerDefense-SFML/Tests/Makefile&quot;  VERBOSE=1 clean"/>
					<DistClean command="/usr/bin/make -f &quot;/home/ebalo/Scrivania/Projects/c++/TD-TowerDefense-SFML/Tests/Makefile&quot;  VERBOSE=1 clean"/>
				</MakeCommands>
			</Target>
			<Target title="test/fast">
				<Option output="/home/ebalo/Scrivania/Projects/c++/TD-TowerDefense-SFML/Tests/test" prefix_auto="0" extension_auto="0"/>
				<Option working_dir="/home/ebalo/Scrivania/Projects/c++/TD-TowerDefense-SFML/Tests"/>
				<Option object_output="./"/>
				<Option type="1"/>
				<Option compiler="gcc"/>
				<Compiler>
					<Add directory="/include"/>
					<Add directory="/home/ebalo/Scrivania/Projects/c++/TD-TowerDefense-SFML/Tests/googletest/include"/>
					<Add directory="/home/ebalo/Scrivania/Projects/c++/TD-TowerDefense-SFML/Tests/googletest"/>
				</Compiler>
				<MakeCommands>
					<Build command="/usr/bin/make -f &quot;/home/ebalo/Scrivania/Projects/c++/TD-TowerDefense-SFML/Tests/Makefile&quot;  VERBOSE=1 test/fast"/>
					<CompileFile command="/usr/bin/make -f &quot;/home/ebalo/Scrivania/Projects/c++/TD-TowerDefense-SFML/Tests/Makefile&quot;  VERBOSE=1 &quot;$file&quot;"/>
					<Clean command="/usr/bin/make -f &quot;/home/ebalo/Scrivania/Projects/c++/TD-TowerDefense-SFML/Tests/Makefile&quot;  VERBOSE=1 clean"/>
					<DistClean command="/usr/bin/make -f &quot;/home/ebalo/Scrivania/Projects/c++/TD-TowerDefense-SFML/Tests/Makefile&quot;  VERBOSE=1 clean"/>
				</MakeCommands>
			</Target>
			<Target title="gtest">
				<Option output="/home/ebalo/Scrivania/Projects/c++/TD-TowerDefense-SFML/lib/libgtestd.a" prefix_auto="0" extension_auto="0"/>
				<Option working_dir="/home/ebalo/Scrivania/Projects/c++/TD-TowerDefense-SFML/Tests/googletest"/>
				<Option object_output="./"/>
				<Option type="2"/>
				<Option compiler="gcc"/>
				<Compiler>
					<Add directory="/home/ebalo/Scrivania/Projects/c++/TD-TowerDefense-SFML/Tests/googletest/include"/>
					<Add directory="/home/ebalo/Scrivania/Projects/c++/TD-TowerDefense-SFML/Tests/googletest"/>
				</Compiler>
				<MakeCommands>
					<Build command="/usr/bin/make -f &quot;/home/ebalo/Scrivania/Projects/c++/TD-TowerDefense-SFML/Tests/googletest/Makefile&quot;  VERBOSE=1 gtest"/>
					<CompileFile command="/usr/bin/make -f &quot;/home/ebalo/Scrivania/Projects/c++/TD-TowerDefense-SFML/Tests/googletest/Makefile&quot;  VERBOSE=1 &quot;$file&quot;"/>
					<Clean command="/usr/bin/make -f &quot;/home/ebalo/Scrivania/Projects/c++/TD-TowerDefense-SFML/Tests/googletest/Makefile&quot;  VERBOSE=1 clean"/>
					<DistClean command="/usr/bin/make -f &quot;/home/ebalo/Scrivania/Projects/c++/TD-TowerDefense-SFML/Tests/googletest/Makefile&quot;  VERBOSE=1 clean"/>
				</MakeCommands>
			</Target>
			<Target title="gtest/fast">
				<Option output="/home/ebalo/Scrivania/Projects/c++/TD-TowerDefense-SFML/lib/libgtestd.a" prefix_auto="0" extension_auto="0"/>
				<Option working_dir="/home/ebalo/Scrivania/Projects/c++/TD-TowerDefense-SFML/Tests/googletest"/>
				<Option object_output="./"/>
				<Option type="2"/>
				<Option compiler="gcc"/>
				<Compiler>
					<Add directory="/home/ebalo/Scrivania/Projects/c++/TD-TowerDefense-SFML/Tests/googletest/include"/>
					<Add directory="/home/ebalo/Scrivania/Projects/c++/TD-TowerDefense-SFML/Tests/googletest"/>
				</Compiler>
				<MakeCommands>
					<Build command="/usr/bin/make -f &quot;/home/ebalo/Scrivania/Projects/c++/TD-TowerDefense-SFML/Tests/googletest/Makefile&quot;  VERBOSE=1 gtest/fast"/>
					<CompileFile command="/usr/bin/make -f &quot;/home/ebalo/Scrivania/Projects/c++/TD-TowerDefense-SFML/Tests/googletest/Makefile&quot;  VERBOSE=1 &quot;$file&quot;"/>
					<Clean command="/usr/bin/make -f &quot;/home/ebalo/Scrivania/Projects/c++/TD-TowerDefense-SFML/Tests/googletest/Makefile&quot;  VERBOSE=1 clean"/>
					<DistClean command="/usr/bin/make -f &quot;/home/ebalo/Scrivania/Projects/c++/TD-TowerDefense-SFML/Tests/googletest/Makefile&quot;  VERBOSE=1 clean"/>
				</MakeCommands>
			</Target>
			<Target title="gtest_main">
				<Option output="/home/ebalo/Scrivania/Projects/c++/TD-TowerDefense-SFML/lib/libgtest_maind.a" prefix_auto="0" extension_auto="0"/>
				<Option working_dir="/home/ebalo/Scrivania/Projects/c++/TD-TowerDefense-SFML/Tests/googletest"/>
				<Option object_output="./"/>
				<Option type="2"/>
				<Option compiler="gcc"/>
				<Compiler>
					<Add directory="/home/ebalo/Scrivania/Projects/c++/TD-TowerDefense-SFML/Tests/googletest/include"/>
					<Add directory="/home/ebalo/Scrivania/Projects/c++/TD-TowerDefense-SFML/Tests/googletest"/>
				</Compiler>
				<MakeCommands>
					<Build command="/usr/bin/make -f &quot;/home/ebalo/Scrivania/Projects/c++/TD-TowerDefense-SFML/Tests/googletest/Makefile&quot;  VERBOSE=1 gtest_main"/>
					<CompileFile command="/usr/bin/make -f &quot;/home/ebalo/Scrivania/Projects/c++/TD-TowerDefense-SFML/Tests/googletest/Makefile&quot;  VERBOSE=1 &quot;$file&quot;"/>
					<Clean command="/usr/bin/make -f &quot;/home/ebalo/Scrivania/Projects/c++/TD-TowerDefense-SFML/Tests/googletest/Makefile&quot;  VERBOSE=1 clean"/>
					<DistClean command="/usr/bin/make -f &quot;/home/ebalo/Scrivania/Projects/c++/TD-TowerDefense-SFML/Tests/googletest/Makefile&quot;  VERBOSE=1 clean"/>
				</MakeCommands>
			</Target>
			<Target title="gtest_main/fast">
				<Option output="/home/ebalo/Scrivania/Projects/c++/TD-TowerDefense-SFML/lib/libgtest_maind.a" prefix_auto="0" extension_auto="0"/>
				<Option working_dir="/home/ebalo/Scrivania/Projects/c++/TD-TowerDefense-SFML/Tests/googletest"/>
				<Option object_output="./"/>
				<Option type="2"/>
				<Option compiler="gcc"/>
				<Compiler>
					<Add directory="/home/ebalo/Scrivania/Projects/c++/TD-TowerDefense-SFML/Tests/googletest/include"/>
					<Add directory="/home/ebalo/Scrivania/Projects/c++/TD-TowerDefense-SFML/Tests/googletest"/>
				</Compiler>
				<MakeCommands>
					<Build command="/usr/bin/make -f &quot;/home/ebalo/Scrivania/Projects/c++/TD-TowerDefense-SFML/Tests/googletest/Makefile&quot;  VERBOSE=1 gtest_main/fast"/>
					<CompileFile command="/usr/bin/make -f &quot;/home/ebalo/Scrivania/Projects/c++/TD-TowerDefense-SFML/Tests/googletest/Makefile&quot;  VERBOSE=1 &quot;$file&quot;"/>
					<Clean command="/usr/bin/make -f &quot;/home/ebalo/Scrivania/Projects/c++/TD-TowerDefense-SFML/Tests/googletest/Makefile&quot;  VERBOSE=1 clean"/>
					<DistClean command="/usr/bin/make -f &quot;/home/ebalo/Scrivania/Projects/c++/TD-TowerDefense-SFML/Tests/googletest/Makefile&quot;  VERBOSE=1 clean"/>
				</MakeCommands>
			</Target>
		</Build>
		<Unit filename="/home/ebalo/Scrivania/Projects/c++/TD-TowerDefense-SFML/Classes/Elements/ButtonIcon.cpp">
			<Option target="TD_TowerDefense_SFML"/>
			<Option target="TD_TowerDefense_SFML_Tests"/>
		</Unit>
		<Unit filename="/home/ebalo/Scrivania/Projects/c++/TD-TowerDefense-SFML/Classes/Elements/ButtonIcon.h">
			<Option target="TD_TowerDefense_SFML"/>
			<Option target="TD_TowerDefense_SFML_Tests"/>
		</Unit>
		<Unit filename="/home/ebalo/Scrivania/Projects/c++/TD-TowerDefense-SFML/Classes/Elements/ButtonRect.cpp">
			<Option target="TD_TowerDefense_SFML"/>
			<Option target="TD_TowerDefense_SFML_Tests"/>
		</Unit>
		<Unit filename="/home/ebalo/Scrivania/Projects/c++/TD-TowerDefense-SFML/Classes/Elements/ButtonRect.h">
			<Option target="TD_TowerDefense_SFML"/>
			<Option target="TD_TowerDefense_SFML_Tests"/>
		</Unit>
		<Unit filename="/home/ebalo/Scrivania/Projects/c++/TD-TowerDefense-SFML/Classes/Elements/DrawableFactory.cpp">
			<Option target="TD_TowerDefense_SFML"/>
			<Option target="TD_TowerDefense_SFML_Tests"/>
		</Unit>
		<Unit filename="/home/ebalo/Scrivania/Projects/c++/TD-TowerDefense-SFML/Classes/Elements/DrawableFactory.h">
			<Option target="TD_TowerDefense_SFML"/>
			<Option target="TD_TowerDefense_SFML_Tests"/>
		</Unit>
		<Unit filename="/home/ebalo/Scrivania/Projects/c++/TD-TowerDefense-SFML/Classes/Elements/Enemy.cpp">
			<Option target="TD_TowerDefense_SFML"/>
			<Option target="TD_TowerDefense_SFML_Tests"/>
		</Unit>
		<Unit filename="/home/ebalo/Scrivania/Projects/c++/TD-TowerDefense-SFML/Classes/Elements/Enemy.h">
			<Option target="TD_TowerDefense_SFML"/>
			<Option target="TD_TowerDefense_SFML_Tests"/>
		</Unit>
		<Unit filename="/home/ebalo/Scrivania/Projects/c++/TD-TowerDefense-SFML/Classes/Elements/EnemyGenerator.cpp">
			<Option target="TD_TowerDefense_SFML"/>
			<Option target="TD_TowerDefense_SFML_Tests"/>
		</Unit>
		<Unit filename="/home/ebalo/Scrivania/Projects/c++/TD-TowerDefense-SFML/Classes/Elements/EnemyGenerator.h">
			<Option target="TD_TowerDefense_SFML"/>
			<Option target="TD_TowerDefense_SFML_Tests"/>
		</Unit>
		<Unit filename="/home/ebalo/Scrivania/Projects/c++/TD-TowerDefense-SFML/Classes/Elements/Tower.cpp">
			<Option target="TD_TowerDefense_SFML"/>
			<Option target="TD_TowerDefense_SFML_Tests"/>
		</Unit>
		<Unit filename="/home/ebalo/Scrivania/Projects/c++/TD-TowerDefense-SFML/Classes/Elements/Tower.h">
			<Option target="TD_TowerDefense_SFML"/>
			<Option target="TD_TowerDefense_SFML_Tests"/>
		</Unit>
		<Unit filename="/home/ebalo/Scrivania/Projects/c++/TD-TowerDefense-SFML/Classes/Elements/Turret.cpp">
			<Option target="TD_TowerDefense_SFML"/>
			<Option target="TD_TowerDefense_SFML_Tests"/>
		</Unit>
		<Unit filename="/home/ebalo/Scrivania/Projects/c++/TD-TowerDefense-SFML/Classes/Elements/Turret.h">
			<Option target="TD_TowerDefense_SFML"/>
			<Option target="TD_TowerDefense_SFML_Tests"/>
		</Unit>
		<Unit filename="/home/ebalo/Scrivania/Projects/c++/TD-TowerDefense-SFML/Classes/Elements/TurretGenerator.cpp">
			<Option target="TD_TowerDefense_SFML"/>
			<Option target="TD_TowerDefense_SFML_Tests"/>
		</Unit>
		<Unit filename="/home/ebalo/Scrivania/Projects/c++/TD-TowerDefense-SFML/Classes/Elements/TurretGenerator.h">
			<Option target="TD_TowerDefense_SFML"/>
			<Option target="TD_TowerDefense_SFML_Tests"/>
		</Unit>
		<Unit filename="/home/ebalo/Scrivania/Projects/c++/TD-TowerDefense-SFML/Classes/EventHandler.cpp">
			<Option target="TD_TowerDefense_SFML"/>
			<Option target="TD_TowerDefense_SFML_Tests"/>
		</Unit>
		<Unit filename="/home/ebalo/Scrivania/Projects/c++/TD-TowerDefense-SFML/Classes/EventHandler.h">
			<Option target="TD_TowerDefense_SFML"/>
			<Option target="TD_TowerDefense_SFML_Tests"/>
		</Unit>
		<Unit filename="/home/ebalo/Scrivania/Projects/c++/TD-TowerDefense-SFML/Classes/Events/BuildTurret.h">
			<Option target="TD_TowerDefense_SFML"/>
			<Option target="TD_TowerDefense_SFML_Tests"/>
		</Unit>
		<Unit filename="/home/ebalo/Scrivania/Projects/c++/TD-TowerDefense-SFML/Classes/Events/CraftTurretButtonClick.h">
			<Option target="TD_TowerDefense_SFML"/>
			<Option target="TD_TowerDefense_SFML_Tests"/>
		</Unit>
		<Unit filename="/home/ebalo/Scrivania/Projects/c++/TD-TowerDefense-SFML/Classes/Events/DifficultButtonHover.h">
			<Option target="TD_TowerDefense_SFML"/>
			<Option target="TD_TowerDefense_SFML_Tests"/>
		</Unit>
		<Unit filename="/home/ebalo/Scrivania/Projects/c++/TD-TowerDefense-SFML/Classes/Events/DifficultEasyButtonClick.h">
			<Option target="TD_TowerDefense_SFML"/>
			<Option target="TD_TowerDefense_SFML_Tests"/>
		</Unit>
		<Unit filename="/home/ebalo/Scrivania/Projects/c++/TD-TowerDefense-SFML/Classes/Events/IconButtonHover.h">
			<Option target="TD_TowerDefense_SFML"/>
			<Option target="TD_TowerDefense_SFML_Tests"/>
		</Unit>
		<Unit filename="/home/ebalo/Scrivania/Projects/c++/TD-TowerDefense-SFML/Classes/Events/PlacedTurretClick.h">
			<Option target="TD_TowerDefense_SFML"/>
			<Option target="TD_TowerDefense_SFML_Tests"/>
		</Unit>
		<Unit filename="/home/ebalo/Scrivania/Projects/c++/TD-TowerDefense-SFML/Classes/Events/PlacedTurretHover.h">
			<Option target="TD_TowerDefense_SFML"/>
			<Option target="TD_TowerDefense_SFML_Tests"/>
		</Unit>
		<Unit filename="/home/ebalo/Scrivania/Projects/c++/TD-TowerDefense-SFML/Classes/Events/PlacedTurretOut.h">
			<Option target="TD_TowerDefense_SFML"/>
			<Option target="TD_TowerDefense_SFML_Tests"/>
		</Unit>
		<Unit filename="/home/ebalo/Scrivania/Projects/c++/TD-TowerDefense-SFML/Classes/Events/StartButtonClick.h">
			<Option target="TD_TowerDefense_SFML"/>
			<Option target="TD_TowerDefense_SFML_Tests"/>
		</Unit>
		<Unit filename="/home/ebalo/Scrivania/Projects/c++/TD-TowerDefense-SFML/Classes/Events/StartButtonHover.h">
			<Option target="TD_TowerDefense_SFML"/>
			<Option target="TD_TowerDefense_SFML_Tests"/>
		</Unit>
		<Unit filename="/home/ebalo/Scrivania/Projects/c++/TD-TowerDefense-SFML/Classes/Events/TurretMenuButtonClick.h">
			<Option target="TD_TowerDefense_SFML"/>
			<Option target="TD_TowerDefense_SFML_Tests"/>
		</Unit>
		<Unit filename="/home/ebalo/Scrivania/Projects/c++/TD-TowerDefense-SFML/Classes/Events/TurretPositioning.h">
			<Option target="TD_TowerDefense_SFML"/>
			<Option target="TD_TowerDefense_SFML_Tests"/>
		</Unit>
		<Unit filename="/home/ebalo/Scrivania/Projects/c++/TD-TowerDefense-SFML/Classes/Events/TurretUpgrade.h">
			<Option target="TD_TowerDefense_SFML"/>
			<Option target="TD_TowerDefense_SFML_Tests"/>
		</Unit>
		<Unit filename="/home/ebalo/Scrivania/Projects/c++/TD-TowerDefense-SFML/Classes/Interface/Button.h">
			<Option target="TD_TowerDefense_SFML"/>
			<Option target="TD_TowerDefense_SFML_Tests"/>
		</Unit>
		<Unit filename="/home/ebalo/Scrivania/Projects/c++/TD-TowerDefense-SFML/Classes/Interface/Event.h">
			<Option target="TD_TowerDefense_SFML"/>
			<Option target="TD_TowerDefense_SFML_Tests"/>
		</Unit>
		<Unit filename="/home/ebalo/Scrivania/Projects/c++/TD-TowerDefense-SFML/Classes/Interface/FakeButton.h">
			<Option target="TD_TowerDefense_SFML"/>
			<Option target="TD_TowerDefense_SFML_Tests"/>
		</Unit>
		<Unit filename="/home/ebalo/Scrivania/Projects/c++/TD-TowerDefense-SFML/Classes/Interface/MouseObserver.h">
			<Option target="TD_TowerDefense_SFML"/>
			<Option target="TD_TowerDefense_SFML_Tests"/>
		</Unit>
		<Unit filename="/home/ebalo/Scrivania/Projects/c++/TD-TowerDefense-SFML/Classes/Interface/Movement.h">
			<Option target="TD_TowerDefense_SFML"/>
			<Option target="TD_TowerDefense_SFML_Tests"/>
		</Unit>
		<Unit filename="/home/ebalo/Scrivania/Projects/c++/TD-TowerDefense-SFML/Classes/Interface/Notifier.h">
			<Option target="TD_TowerDefense_SFML"/>
			<Option target="TD_TowerDefense_SFML_Tests"/>
		</Unit>
		<Unit filename="/home/ebalo/Scrivania/Projects/c++/TD-TowerDefense-SFML/Classes/Interface/Observer.h">
			<Option target="TD_TowerDefense_SFML"/>
			<Option target="TD_TowerDefense_SFML_Tests"/>
		</Unit>
		<Unit filename="/home/ebalo/Scrivania/Projects/c++/TD-TowerDefense-SFML/Classes/Maps/AssetsMap.cpp">
			<Option target="TD_TowerDefense_SFML"/>
			<Option target="TD_TowerDefense_SFML_Tests"/>
		</Unit>
		<Unit filename="/home/ebalo/Scrivania/Projects/c++/TD-TowerDefense-SFML/Classes/Maps/AssetsMap.h">
			<Option target="TD_TowerDefense_SFML"/>
			<Option target="TD_TowerDefense_SFML_Tests"/>
		</Unit>
		<Unit filename="/home/ebalo/Scrivania/Projects/c++/TD-TowerDefense-SFML/Classes/Maps/Map.h">
			<Option target="TD_TowerDefense_SFML"/>
			<Option target="TD_TowerDefense_SFML_Tests"/>
		</Unit>
		<Unit filename="/home/ebalo/Scrivania/Projects/c++/TD-TowerDefense-SFML/Classes/Maps/MapEasy.h">
			<Option target="TD_TowerDefense_SFML"/>
			<Option target="TD_TowerDefense_SFML_Tests"/>
		</Unit>
		<Unit filename="/home/ebalo/Scrivania/Projects/c++/TD-TowerDefense-SFML/Classes/Maps/MapHard.h">
			<Option target="TD_TowerDefense_SFML"/>
			<Option target="TD_TowerDefense_SFML_Tests"/>
		</Unit>
		<Unit filename="/home/ebalo/Scrivania/Projects/c++/TD-TowerDefense-SFML/Classes/Maps/RenderableMap.cpp">
			<Option target="TD_TowerDefense_SFML"/>
			<Option target="TD_TowerDefense_SFML_Tests"/>
		</Unit>
		<Unit filename="/home/ebalo/Scrivania/Projects/c++/TD-TowerDefense-SFML/Classes/Maps/RenderableMap.h">
			<Option target="TD_TowerDefense_SFML"/>
			<Option target="TD_TowerDefense_SFML_Tests"/>
		</Unit>
		<Unit filename="/home/ebalo/Scrivania/Projects/c++/TD-TowerDefense-SFML/Classes/Observers/EnemyLPObserver.h">
			<Option target="TD_TowerDefense_SFML"/>
			<Option target="TD_TowerDefense_SFML_Tests"/>
		</Unit>
		<Unit filename="/home/ebalo/Scrivania/Projects/c++/TD-TowerDefense-SFML/Classes/Observers/MouseClickObserver.h">
			<Option target="TD_TowerDefense_SFML"/>
			<Option target="TD_TowerDefense_SFML_Tests"/>
		</Unit>
		<Unit filename="/home/ebalo/Scrivania/Projects/c++/TD-TowerDefense-SFML/Classes/Observers/MouseHoverObserver.h">
			<Option target="TD_TowerDefense_SFML"/>
			<Option target="TD_TowerDefense_SFML_Tests"/>
		</Unit>
		<Unit filename="/home/ebalo/Scrivania/Projects/c++/TD-TowerDefense-SFML/Classes/Observers/MouseMotionObserver.h">
			<Option target="TD_TowerDefense_SFML"/>
			<Option target="TD_TowerDefense_SFML_Tests"/>
		</Unit>
		<Unit filename="/home/ebalo/Scrivania/Projects/c++/TD-TowerDefense-SFML/Classes/Observers/MouseOutObserver.h">
			<Option target="TD_TowerDefense_SFML"/>
			<Option target="TD_TowerDefense_SFML_Tests"/>
		</Unit>
		<Unit filename="/home/ebalo/Scrivania/Projects/c++/TD-TowerDefense-SFML/Classes/Observers/TowerLPObserver.h">
			<Option target="TD_TowerDefense_SFML"/>
			<Option target="TD_TowerDefense_SFML_Tests"/>
		</Unit>
		<Unit filename="/home/ebalo/Scrivania/Projects/c++/TD-TowerDefense-SFML/Classes/RenderHandler.cpp">
			<Option target="TD_TowerDefense_SFML"/>
			<Option target="TD_TowerDefense_SFML_Tests"/>
		</Unit>
		<Unit filename="/home/ebalo/Scrivania/Projects/c++/TD-TowerDefense-SFML/Classes/RenderHandler.h">
			<Option target="TD_TowerDefense_SFML"/>
			<Option target="TD_TowerDefense_SFML_Tests"/>
		</Unit>
		<Unit filename="/home/ebalo/Scrivania/Projects/c++/TD-TowerDefense-SFML/Classes/States/DifficultState.h">
			<Option target="TD_TowerDefense_SFML"/>
			<Option target="TD_TowerDefense_SFML_Tests"/>
		</Unit>
		<Unit filename="/home/ebalo/Scrivania/Projects/c++/TD-TowerDefense-SFML/Classes/States/EnemyState.h">
			<Option target="TD_TowerDefense_SFML"/>
			<Option target="TD_TowerDefense_SFML_Tests"/>
		</Unit>
		<Unit filename="/home/ebalo/Scrivania/Projects/c++/TD-TowerDefense-SFML/Classes/States/GameState.h">
			<Option target="TD_TowerDefense_SFML"/>
			<Option target="TD_TowerDefense_SFML_Tests"/>
		</Unit>
		<Unit filename="/home/ebalo/Scrivania/Projects/c++/TD-TowerDefense-SFML/Classes/States/MouseStates.h">
			<Option target="TD_TowerDefense_SFML"/>
			<Option target="TD_TowerDefense_SFML_Tests"/>
		</Unit>
		<Unit filename="/home/ebalo/Scrivania/Projects/c++/TD-TowerDefense-SFML/Classes/States/ObserversTypeId.h">
			<Option target="TD_TowerDefense_SFML"/>
			<Option target="TD_TowerDefense_SFML_Tests"/>
		</Unit>
		<Unit filename="/home/ebalo/Scrivania/Projects/c++/TD-TowerDefense-SFML/Classes/States/TurretState.h">
			<Option target="TD_TowerDefense_SFML"/>
			<Option target="TD_TowerDefense_SFML_Tests"/>
		</Unit>
		<Unit filename="/home/ebalo/Scrivania/Projects/c++/TD-TowerDefense-SFML/Classes/States/windowSize.h">
			<Option target="TD_TowerDefense_SFML"/>
			<Option target="TD_TowerDefense_SFML_Tests"/>
		</Unit>
		<Unit filename="/home/ebalo/Scrivania/Projects/c++/TD-TowerDefense-SFML/Tests/MapTests.h">
			<Option target="test"/>
		</Unit>
		<Unit filename="/home/ebalo/Scrivania/Projects/c++/TD-TowerDefense-SFML/Tests/googletest/src/gtest-all.cc">
			<Option target="gtest"/>
		</Unit>
		<Unit filename="/home/ebalo/Scrivania/Projects/c++/TD-TowerDefense-SFML/Tests/googletest/src/gtest_main.cc">
			<Option target="gtest_main"/>
		</Unit>
		<Unit filename="/home/ebalo/Scrivania/Projects/c++/TD-TowerDefense-SFML/Tests/mainTests.cpp">
			<Option target="test"/>
		</Unit>
		<Unit filename="/home/ebalo/Scrivania/Projects/c++/TD-TowerDefense-SFML/main.cpp">
			<Option target="TD_TowerDefense_SFML"/>
			<Option target="TD_TowerDefense_SFML_Tests"/>
		</Unit>
		<Unit filename="/home/ebalo/Scrivania/Projects/c++/TD-TowerDefense-SFML/CMakeLists.txt">
			<Option virtualFolder="CMake Files\"/>
		</Unit>
		<Unit filename="/home/ebalo/Scrivania/Projects/c++/TD-TowerDefense-SFML/../../../../../../usr/lib/x86_64-linux-gnu/cmake/SFML/SFMLConfig.cmake">
			<Option virtualFolder="CMake Files\..\..\..\..\..\..\usr\lib\x86_64-linux-gnu\cmake\SFML\"/>
		</Unit>
		<Unit filename="/home/ebalo/Scrivania/Projects/c++/TD-TowerDefense-SFML/../../../../../../usr/lib/x86_64-linux-gnu/cmake/SFML/SFMLConfigDependencies.cmake">
			<Option virtualFolder="CMake Files\..\..\..\..\..\..\usr\lib\x86_64-linux-gnu\cmake\SFML\"/>
		</Unit>
		<Unit filename="/home/ebalo/Scrivania/Projects/c++/TD-TowerDefense-SFML/../../../../../../usr/lib/x86_64-linux-gnu/cmake/SFML/SFMLConfigVersion.cmake">
			<Option virtualFolder="CMake Files\..\..\..\..\..\..\usr\lib\x86_64-linux-gnu\cmake\SFML\"/>
		</Unit>
		<Unit filename="/home/ebalo/Scrivania/Projects/c++/TD-TowerDefense-SFML/../../../../../../usr/lib/x86_64-linux-gnu/cmake/SFML/SFMLSharedTargets-none.cmake">
			<Option virtualFolder="CMake Files\..\..\..\..\..\..\usr\lib\x86_64-linux-gnu\cmake\SFML\"/>
		</Unit>
		<Unit filename="/home/ebalo/Scrivania/Projects/c++/TD-TowerDefense-SFML/../../../../../../usr/lib/x86_64-linux-gnu/cmake/SFML/SFMLSharedTargets.cmake">
			<Option virtualFolder="CMake Files\..\..\..\..\..\..\usr\lib\x86_64-linux-gnu\cmake\SFML\"/>
		</Unit>
		<Unit filename="/home/ebalo/Scrivania/Projects/c++/TD-TowerDefense-SFML/Tests/CMakeLists.txt">
			<Option virtualFolder="CMake Files\Tests\"/>
		</Unit>
		<Unit filename="/home/ebalo/Scrivania/Projects/c++/TD-TowerDefense-SFML/Tests/googletest/CMakeLists.txt">
			<Option virtualFolder="CMake Files\Tests\googletest\"/>
		</Unit>
		<Unit filename="/home/ebalo/Scrivania/Projects/c++/TD-TowerDefense-SFML/Tests/googletest/cmake/internal_utils.cmake">
			<Option virtualFolder="CMake Files\Tests\googletest\cmake\"/>
		</Unit>
	</Project>
</CodeBlocks_project_file>
